
Microsoft Visual Studio Solution File, Format Version 12.00
# Visual Studio Version 17
VisualStudioVersion = 17.4.33213.308
MinimumVisualStudioVersion = 10.0.40219.1
Project("{9A19103F-16F7-4668-BE54-9A1E7A4F7556}") = "ShoppingSpree", "ShoppingSpree\ShoppingSpree.csproj", "{090202E8-8B15-43A1-8CEF-1578CFABC729}"
EndProject
Project("{9A19103F-16F7-4668-BE54-9A1E7A4F7556}") = "ClassBoxData", "ClassBoxData\ClassBoxData.csproj", "{1AA966B1-FF04-494E-9E30-AE311D5775F6}"
EndProject
Project("{9A19103F-16F7-4668-BE54-9A1E7A4F7556}") = "AnimalFarm", "AnimalFarm\AnimalFarm.csproj", "{D9E1A5BF-F9CA-4322-8046-91FBE239025C}"
EndProject
Project("{9A19103F-16F7-4668-BE54-9A1E7A4F7556}") = "PizzaCalories", "PizzaCalories\PizzaCalories.csproj", "{A727BD32-D0EF-402B-82FD-3C6D90480CF0}"
EndProject
Project("{FAE04EC0-301F-11D3-BF4B-00C04F79EFBC}") = "FootballTeamGenerator", "FootballTeamGenerator\FootballTeamGenerator.csproj", "{5192ED6A-6501-4ACC-B5BA-ED94DD98D746}"
EndProject
Global
	GlobalSection(SolutionConfigurationPlatforms) = preSolution
		Debug|Any CPU = Debug|Any CPU
		Release|Any CPU = Release|Any CPU
	EndGlobalSection
	GlobalSection(ProjectConfigurationPlatforms) = postSolution
		{090202E8-8B15-43A1-8CEF-1578CFABC729}.Debug|Any CPU.ActiveCfg = Debug|Any CPU
		{090202E8-8B15-43A1-8CEF-1578CFABC729}.Debug|Any CPU.Build.0 = Debug|Any CPU
		{090202E8-8B15-43A1-8CEF-1578CFABC729}.Release|Any CPU.ActiveCfg = Release|Any CPU
		{090202E8-8B15-43A1-8CEF-1578CFABC729}.Release|Any CPU.Build.0 = Release|Any CPU
		{1AA966B1-FF04-494E-9E30-AE311D5775F6}.Debug|Any CPU.ActiveCfg = Debug|Any CPU
		{1AA966B1-FF04-494E-9E30-AE311D5775F6}.Debug|Any CPU.Build.0 = Debug|Any CPU
		{1AA966B1-FF04-494E-9E30-AE311D5775F6}.Release|Any CPU.ActiveCfg = Release|Any CPU
		{1AA966B1-FF04-494E-9E30-AE311D5775F6}.Release|Any CPU.Build.0 = Release|Any CPU
		{D9E1A5BF-F9CA-4322-8046-91FBE239025C}.Debug|Any CPU.ActiveCfg = Debug|Any CPU
		{D9E1A5BF-F9CA-4322-8046-91FBE239025C}.Debug|Any CPU.Build.0 = Debug|Any CPU
		{D9E1A5BF-F9CA-4322-8046-91FBE239025C}.Release|Any CPU.ActiveCfg = Release|Any CPU
		{D9E1A5BF-F9CA-4322-8046-91FBE239025C}.Release|Any CPU.Build.0 = Release|Any CPU
		{A727BD32-D0EF-402B-82FD-3C6D90480CF0}.Debug|Any CPU.ActiveCfg = Debug|Any CPU
		{A727BD32-D0EF-402B-82FD-3C6D90480CF0}.Debug|Any CPU.Build.0 = Debug|Any CPU
		{A727BD32-D0EF-402B-82FD-3C6D90480CF0}.Release|Any CPU.ActiveCfg = Release|Any CPU
		{A727BD32-D0EF-402B-82FD-3C6D90480CF0}.Release|Any CPU.Build.0 = Release|Any CPU
		{5192ED6A-6501-4ACC-B5BA-ED94DD98D746}.Debug|Any CPU.ActiveCfg = Debug|Any CPU
		{5192ED6A-6501-4ACC-B5BA-ED94DD98D746}.Debug|Any CPU.Build.0 = Debug|Any CPU
		{5192ED6A-6501-4ACC-B5BA-ED94DD98D746}.Release|Any CPU.ActiveCfg = Release|Any CPU
		{5192ED6A-6501-4ACC-B5BA-ED94DD98D746}.Release|Any CPU.Build.0 = Release|Any CPU
	EndGlobalSection
	GlobalSection(SolutionProperties) = preSolution
		HideSolutionNode = FALSE
	EndGlobalSection
	GlobalSection(ExtensibilityGlobals) = postSolution
		SolutionGuid = {A6AD8834-44AA-4D13-B3DC-1AA3A9F21731}
	EndGlobalSection
EndGlobal
