
Microsoft Visual Studio Solution File, Format Version 12.00
# Visual Studio Version 17
VisualStudioVersion = 17.4.33213.308
MinimumVisualStudioVersion = 10.0.40219.1
Project("{9A19103F-16F7-4668-BE54-9A1E7A4F7556}") = "ShoppingSpree", "ShoppingSpree.csproj", "{C0732EB0-608F-4D12-8A67-1345FE30AE11}"
EndProject
Project("{9A19103F-16F7-4668-BE54-9A1E7A4F7556}") = "ClassBoxData", "..\ClassBoxData\ClassBoxData.csproj", "{0D280D8C-B2A4-4B85-A244-6F1F1477BFE3}"
EndProject
Project("{9A19103F-16F7-4668-BE54-9A1E7A4F7556}") = "AnimalFarm", "..\AnimalFarm\AnimalFarm.csproj", "{CE320058-3790-4991-8E58-DA22DEB0CBF9}"
EndProject
Global
	GlobalSection(SolutionConfigurationPlatforms) = preSolution
		Debug|Any CPU = Debug|Any CPU
		Release|Any CPU = Release|Any CPU
	EndGlobalSection
	GlobalSection(ProjectConfigurationPlatforms) = postSolution
		{C0732EB0-608F-4D12-8A67-1345FE30AE11}.Debug|Any CPU.ActiveCfg = Debug|Any CPU
		{C0732EB0-608F-4D12-8A67-1345FE30AE11}.Debug|Any CPU.Build.0 = Debug|Any CPU
		{C0732EB0-608F-4D12-8A67-1345FE30AE11}.Release|Any CPU.ActiveCfg = Release|Any CPU
		{C0732EB0-608F-4D12-8A67-1345FE30AE11}.Release|Any CPU.Build.0 = Release|Any CPU
		{0D280D8C-B2A4-4B85-A244-6F1F1477BFE3}.Debug|Any CPU.ActiveCfg = Debug|Any CPU
		{0D280D8C-B2A4-4B85-A244-6F1F1477BFE3}.Debug|Any CPU.Build.0 = Debug|Any CPU
		{0D280D8C-B2A4-4B85-A244-6F1F1477BFE3}.Release|Any CPU.ActiveCfg = Release|Any CPU
		{0D280D8C-B2A4-4B85-A244-6F1F1477BFE3}.Release|Any CPU.Build.0 = Release|Any CPU
		{CE320058-3790-4991-8E58-DA22DEB0CBF9}.Debug|Any CPU.ActiveCfg = Debug|Any CPU
		{CE320058-3790-4991-8E58-DA22DEB0CBF9}.Debug|Any CPU.Build.0 = Debug|Any CPU
		{CE320058-3790-4991-8E58-DA22DEB0CBF9}.Release|Any CPU.ActiveCfg = Release|Any CPU
		{CE320058-3790-4991-8E58-DA22DEB0CBF9}.Release|Any CPU.Build.0 = Release|Any CPU
	EndGlobalSection
	GlobalSection(SolutionProperties) = preSolution
		HideSolutionNode = FALSE
	EndGlobalSection
	GlobalSection(ExtensibilityGlobals) = postSolution
		SolutionGuid = {DF340F46-753E-4F61-978C-A7D2B4A64D60}
	EndGlobalSection
EndGlobal
