
Microsoft Visual Studio Solution File, Format Version 12.00
# Visual Studio Version 17
VisualStudioVersion = 17.4.33213.308
MinimumVisualStudioVersion = 10.0.40219.1
Project("{FAE04EC0-301F-11D3-BF4B-00C04F79EFBC}") = "Operations", "Operations\Operations.csproj", "{03932A69-A577-407E-A4FD-91771D0EC82B}"
EndProject
Project("{FAE04EC0-301F-11D3-BF4B-00C04F79EFBC}") = "Animals", "Animals\Animals.csproj", "{77E43E34-77DE-406F-8986-22A99540D007}"
EndProject
Project("{FAE04EC0-301F-11D3-BF4B-00C04F79EFBC}") = "Shapes", "Shapes\Shapes.csproj", "{3C1FDD94-5095-4C2C-9899-D401F2FF1E3C}"
EndProject
Global
	GlobalSection(SolutionConfigurationPlatforms) = preSolution
		Debug|Any CPU = Debug|Any CPU
		Release|Any CPU = Release|Any CPU
	EndGlobalSection
	GlobalSection(ProjectConfigurationPlatforms) = postSolution
		{03932A69-A577-407E-A4FD-91771D0EC82B}.Debug|Any CPU.ActiveCfg = Debug|Any CPU
		{03932A69-A577-407E-A4FD-91771D0EC82B}.Debug|Any CPU.Build.0 = Debug|Any CPU
		{03932A69-A577-407E-A4FD-91771D0EC82B}.Release|Any CPU.ActiveCfg = Release|Any CPU
		{03932A69-A577-407E-A4FD-91771D0EC82B}.Release|Any CPU.Build.0 = Release|Any CPU
		{77E43E34-77DE-406F-8986-22A99540D007}.Debug|Any CPU.ActiveCfg = Debug|Any CPU
		{77E43E34-77DE-406F-8986-22A99540D007}.Debug|Any CPU.Build.0 = Debug|Any CPU
		{77E43E34-77DE-406F-8986-22A99540D007}.Release|Any CPU.ActiveCfg = Release|Any CPU
		{77E43E34-77DE-406F-8986-22A99540D007}.Release|Any CPU.Build.0 = Release|Any CPU
		{3C1FDD94-5095-4C2C-9899-D401F2FF1E3C}.Debug|Any CPU.ActiveCfg = Debug|Any CPU
		{3C1FDD94-5095-4C2C-9899-D401F2FF1E3C}.Debug|Any CPU.Build.0 = Debug|Any CPU
		{3C1FDD94-5095-4C2C-9899-D401F2FF1E3C}.Release|Any CPU.ActiveCfg = Release|Any CPU
		{3C1FDD94-5095-4C2C-9899-D401F2FF1E3C}.Release|Any CPU.Build.0 = Release|Any CPU
	EndGlobalSection
	GlobalSection(SolutionProperties) = preSolution
		HideSolutionNode = FALSE
	EndGlobalSection
	GlobalSection(ExtensibilityGlobals) = postSolution
		SolutionGuid = {B5A304AB-09F8-4134-AC34-7CC13F7EEC97}
	EndGlobalSection
EndGlobal
