
Microsoft Visual Studio Solution File, Format Version 12.00
# Visual Studio Version 17
VisualStudioVersion = 17.4.33213.308
MinimumVisualStudioVersion = 10.0.40219.1
Project("{9A19103F-16F7-4668-BE54-9A1E7A4F7556}") = "AnimalFarm", "AnimalFarm.csproj", "{341108D5-4441-4E00-9A2C-F89CC482DB9A}"
EndProject
Global
	GlobalSection(SolutionConfigurationPlatforms) = preSolution
		Debug|Any CPU = Debug|Any CPU
		Release|Any CPU = Release|Any CPU
	EndGlobalSection
	GlobalSection(ProjectConfigurationPlatforms) = postSolution
		{341108D5-4441-4E00-9A2C-F89CC482DB9A}.Debug|Any CPU.ActiveCfg = Debug|Any CPU
		{341108D5-4441-4E00-9A2C-F89CC482DB9A}.Debug|Any CPU.Build.0 = Debug|Any CPU
		{341108D5-4441-4E00-9A2C-F89CC482DB9A}.Release|Any CPU.ActiveCfg = Release|Any CPU
		{341108D5-4441-4E00-9A2C-F89CC482DB9A}.Release|Any CPU.Build.0 = Release|Any CPU
	EndGlobalSection
	GlobalSection(SolutionProperties) = preSolution
		HideSolutionNode = FALSE
	EndGlobalSection
	GlobalSection(ExtensibilityGlobals) = postSolution
		SolutionGuid = {3BA8E531-FBA6-4933-9BE4-85367A4E6DF2}
	EndGlobalSection
EndGlobal
